Microsoft Visual Studio Solution File, Format Version 12.00
# Visual Studio Version 17
VisualStudioVersion = 17.5.2.0
MinimumVisualStudioVersion = 10.0.40219.1
Project("{FAE04EC0-301F-11D3-BF4B-00C04F79EFBC}") = "AsistentBot", "AsistentBot.csproj", "{9DC8318D-59A2-6EEA-F7B6-C95C2C6A0916}"
EndProject
Global
	GlobalSection(SolutionConfigurationPlatforms) = preSolution
		Debug|Any CPU = Debug|Any CPU
		Release|Any CPU = Release|Any CPU
	EndGlobalSection
	GlobalSection(ProjectConfigurationPlatforms) = postSolution
		{9DC8318D-59A2-6EEA-F7B6-C95C2C6A0916}.Debug|Any CPU.ActiveCfg = Debug|Any CPU
		{9DC8318D-59A2-6EEA-F7B6-C95C2C6A0916}.Debug|Any CPU.Build.0 = Debug|Any CPU
		{9DC8318D-59A2-6EEA-F7B6-C95C2C6A0916}.Release|Any CPU.ActiveCfg = Release|Any CPU
		{9DC8318D-59A2-6EEA-F7B6-C95C2C6A0916}.Release|Any CPU.Build.0 = Release|Any CPU
	EndGlobalSection
	GlobalSection(SolutionProperties) = preSolution
		HideSolutionNode = FALSE
	EndGlobalSection
	GlobalSection(ExtensibilityGlobals) = postSolution
		SolutionGuid = {5B98A20F-8CE9-401C-9614-8A8486AFD6BF}
	EndGlobalSection
EndGlobal
